// !$*UTF8*$!
{
	archiveVersion = 1;
	classes = {
	};
	objectVersion = 50;
	objects = {

/* Begin PBXBuildFile section */
		183631BB226384AD002FD5FC /* MonsterViewController.swift in Sources */ = {isa = PBXBuildFile; fileRef = 183631BA226384AD002FD5FC /* MonsterViewController.swift */; };
		1838AFA522049B9800E17463 /* AppDelegate.swift in Sources */ = {isa = PBXBuildFile; fileRef = 1838AFA422049B9800E17463 /* AppDelegate.swift */; };
		1838AFB022049B9800E17463 /* Main.storyboard in Resources */ = {isa = PBXBuildFile; fileRef = 1838AFAE22049B9800E17463 /* Main.storyboard */; };
		1838AFB522049B9B00E17463 /* LaunchScreen.storyboard in Resources */ = {isa = PBXBuildFile; fileRef = 1838AFB322049B9B00E17463 /* LaunchScreen.storyboard */; };
		18775AF422683C2A00996D83 /* Assets.xcassets in Resources */ = {isa = PBXBuildFile; fileRef = 18775AF322683C2900996D83 /* Assets.xcassets */; };
		18D9945222400B2700489191 /* GameViewController.swift in Sources */ = {isa = PBXBuildFile; fileRef = 18D9945122400B2700489191 /* GameViewController.swift */; };
		18D9945422400C7200489191 /* Game.swift in Sources */ = {isa = PBXBuildFile; fileRef = 18D9945322400C7200489191 /* Game.swift */; };
		18F98FEF225CFC3200A15340 /* GoogleService-Info.plist in Resources */ = {isa = PBXBuildFile; fileRef = 18F98FEE225CFC3200A15340 /* GoogleService-Info.plist */; };
		18F98FF1225CFEDA00A15340 /* InitialViewController.swift in Sources */ = {isa = PBXBuildFile; fileRef = 18F98FF0225CFEDA00A15340 /* InitialViewController.swift */; };
		1CD4C8FF0978610E75B61DEB /* Pods_Duel_Links_but_better.framework in Frameworks */ = {isa = PBXBuildFile; fileRef = 47F1127AE68E3A8162945063 /* Pods_Duel_Links_but_better.framework */; };
/* End PBXBuildFile section */

/* Begin PBXFileReference section */
		183631BA226384AD002FD5FC /* MonsterViewController.swift */ = {isa = PBXFileReference; lastKnownFileType = sourcecode.swift; path = MonsterViewController.swift; sourceTree = "<group>"; };
		1838AFA422049B9800E17463 /* AppDelegate.swift */ = {isa = PBXFileReference; lastKnownFileType = sourcecode.swift; path = AppDelegate.swift; sourceTree = "<group>"; };
		1838AFAF22049B9800E17463 /* Base */ = {isa = PBXFileReference; lastKnownFileType = file.storyboard; name = Base; path = Base.lproj/Main.storyboard; sourceTree = "<group>"; };
		1838AFB422049B9B00E17463 /* Base */ = {isa = PBXFileReference; lastKnownFileType = file.storyboard; name = Base; path = Base.lproj/LaunchScreen.storyboard; sourceTree = "<group>"; };
		1838AFB622049B9C00E17463 /* Info.plist */ = {isa = PBXFileReference; lastKnownFileType = text.plist.xml; path = Info.plist; sourceTree = "<group>"; };
		18775AF322683C2900996D83 /* Assets.xcassets */ = {isa = PBXFileReference; lastKnownFileType = folder.assetcatalog; path = Assets.xcassets; sourceTree = "<group>"; };
		18D9945122400B2700489191 /* GameViewController.swift */ = {isa = PBXFileReference; lastKnownFileType = sourcecode.swift; path = GameViewController.swift; sourceTree = "<group>"; };
		18D9945322400C7200489191 /* Game.swift */ = {isa = PBXFileReference; lastKnownFileType = sourcecode.swift; path = Game.swift; sourceTree = "<group>"; };
		18F98FED225CF4E800A15340 /* Duel Links but better.app */ = {isa = PBXFileReference; explicitFileType = wrapper.application; includeInIndex = 0; path = "Duel Links but better.app"; sourceTree = BUILT_PRODUCTS_DIR; };
		18F98FEE225CFC3200A15340 /* GoogleService-Info.plist */ = {isa = PBXFileReference; fileEncoding = 4; lastKnownFileType = text.plist.xml; path = "GoogleService-Info.plist"; sourceTree = "<group>"; };
		18F98FF0225CFEDA00A15340 /* InitialViewController.swift */ = {isa = PBXFileReference; lastKnownFileType = sourcecode.swift; path = InitialViewController.swift; sourceTree = "<group>"; };
		47F1127AE68E3A8162945063 /* Pods_Duel_Links_but_better.framework */ = {isa = PBXFileReference; explicitFileType = wrapper.framework; includeInIndex = 0; path = Pods_Duel_Links_but_better.framework; sourceTree = BUILT_PRODUCTS_DIR; };
		9E24BDA85698F757F6A2FEFB /* Pods-Duel Links but better.release.xcconfig */ = {isa = PBXFileReference; includeInIndex = 1; lastKnownFileType = text.xcconfig; name = "Pods-Duel Links but better.release.xcconfig"; path = "Target Support Files/Pods-Duel Links but better/Pods-Duel Links but better.release.xcconfig"; sourceTree = "<group>"; };
		C0D06030874692CDF299CA86 /* Pods-Duel Links but better.debug.xcconfig */ = {isa = PBXFileReference; includeInIndex = 1; lastKnownFileType = text.xcconfig; name = "Pods-Duel Links but better.debug.xcconfig"; path = "Target Support Files/Pods-Duel Links but better/Pods-Duel Links but better.debug.xcconfig"; sourceTree = "<group>"; };
/* End PBXFileReference section */

/* Begin PBXFrameworksBuildPhase section */
		1838AF9E22049B9800E17463 /* Frameworks */ = {
			isa = PBXFrameworksBuildPhase;
			buildActionMask = 2147483647;
			files = (
				1CD4C8FF0978610E75B61DEB /* Pods_Duel_Links_but_better.framework in Frameworks */,
			);
			runOnlyForDeploymentPostprocessing = 0;
		};
/* End PBXFrameworksBuildPhase section */

/* Begin PBXGroup section */
		1838AF9822049B9800E17463 = {
			isa = PBXGroup;
			children = (
				18775AF322683C2900996D83 /* Assets.xcassets */,
				1838AFA322049B9800E17463 /* Duel Links but better */,
				62764860625E6322E1319FFF /* Pods */,
				DF51B003AC58BD1F84979917 /* Frameworks */,
				18F98FED225CF4E800A15340 /* Duel Links but better.app */,
			);
			sourceTree = "<group>";
		};
		1838AFA322049B9800E17463 /* Duel Links but better */ = {
			isa = PBXGroup;
			children = (
				1838AFA422049B9800E17463 /* AppDelegate.swift */,
				1838AFAE22049B9800E17463 /* Main.storyboard */,
				183631BA226384AD002FD5FC /* MonsterViewController.swift */,
				18F98FF0225CFEDA00A15340 /* InitialViewController.swift */,
				1838AFB322049B9B00E17463 /* LaunchScreen.storyboard */,
				1838AFB622049B9C00E17463 /* Info.plist */,
				18D9945122400B2700489191 /* GameViewController.swift */,
				18D9945322400C7200489191 /* Game.swift */,
				18F98FEE225CFC3200A15340 /* GoogleService-Info.plist */,
			);
			path = "Duel Links but better";
			sourceTree = "<group>";
		};
		62764860625E6322E1319FFF /* Pods */ = {
			isa = PBXGroup;
			children = (
				C0D06030874692CDF299CA86 /* Pods-Duel Links but better.debug.xcconfig */,
				9E24BDA85698F757F6A2FEFB /* Pods-Duel Links but better.release.xcconfig */,
			);
			path = Pods;
			sourceTree = "<group>";
		};
		DF51B003AC58BD1F84979917 /* Frameworks */ = {
			isa = PBXGroup;
			children = (
				47F1127AE68E3A8162945063 /* Pods_Duel_Links_but_better.framework */,
			);
			name = Frameworks;
			sourceTree = "<group>";
		};
/* End PBXGroup section */

/* Begin PBXNativeTarget section */
		1838AFA022049B9800E17463 /* Duel Links but better */ = {
			isa = PBXNativeTarget;
			buildConfigurationList = 1838AFCF22049B9C00E17463 /* Build configuration list for PBXNativeTarget "Duel Links but better" */;
			buildPhases = (
				7289F02800E0CD42E70C2393 /* [CP] Check Pods Manifest.lock */,
				1838AF9D22049B9800E17463 /* Sources */,
				1838AF9E22049B9800E17463 /* Frameworks */,
				1838AF9F22049B9800E17463 /* Resources */,
				04A20D5E368A29E73D89B39F /* [CP] Embed Pods Frameworks */,
				F272850FAB10B2EA716DAB2B /* [CP] Copy Pods Resources */,
			);
			buildRules = (
			);
			dependencies = (
			);
			name = "Duel Links but better";
			productName = "Duel Links but better";
			productReference = 18F98FED225CF4E800A15340 /* Duel Links but better.app */;
			productType = "com.apple.product-type.application";
		};
/* End PBXNativeTarget section */

/* Begin PBXProject section */
		1838AF9922049B9800E17463 /* Project object */ = {
			isa = PBXProject;
			attributes = {
				LastSwiftUpdateCheck = 1010;
				LastUpgradeCheck = 1010;
				ORGANIZATIONNAME = "Neel Dhar";
				TargetAttributes = {
					1838AFA022049B9800E17463 = {
						CreatedOnToolsVersion = 10.1;
					};
				};
			};
			buildConfigurationList = 1838AF9C22049B9800E17463 /* Build configuration list for PBXProject "Duel Links but better" */;
			compatibilityVersion = "Xcode 9.3";
			developmentRegion = en;
			hasScannedForEncodings = 0;
			knownRegions = (
				en,
				Base,
			);
			mainGroup = 1838AF9822049B9800E17463;
			productRefGroup = 1838AF9822049B9800E17463;
			projectDirPath = "";
			projectRoot = "";
			targets = (
				1838AFA022049B9800E17463 /* Duel Links but better */,
			);
		};
/* End PBXProject section */

/* Begin PBXResourcesBuildPhase section */
		1838AF9F22049B9800E17463 /* Resources */ = {
			isa = PBXResourcesBuildPhase;
			buildActionMask = 2147483647;
			files = (
				1838AFB022049B9800E17463 /* Main.storyboard in Resources */,
				1838AFB522049B9B00E17463 /* LaunchScreen.storyboard in Resources */,
				18775AF422683C2A00996D83 /* Assets.xcassets in Resources */,
				18F98FEF225CFC3200A15340 /* GoogleService-Info.plist in Resources */,
			);
			runOnlyForDeploymentPostprocessing = 0;
		};
/* End PBXResourcesBuildPhase section */

/* Begin PBXShellScriptBuildPhase section */
		04A20D5E368A29E73D89B39F /* [CP] Embed Pods Frameworks */ = {
			isa = PBXShellScriptBuildPhase;
			buildActionMask = 2147483647;
			files = (
			);
			inputFileListPaths = (
			);
			inputPaths = (
				"${PODS_ROOT}/Target Support Files/Pods-Duel Links but better/Pods-Duel Links but better-frameworks.sh",
				"${BUILT_PRODUCTS_DIR}/BoringSSL-GRPC/openssl_grpc.framework",
				"${BUILT_PRODUCTS_DIR}/GTMSessionFetcher/GTMSessionFetcher.framework",
				"${BUILT_PRODUCTS_DIR}/GoogleToolboxForMac/GoogleToolboxForMac.framework",
				"${BUILT_PRODUCTS_DIR}/GoogleUtilities/GoogleUtilities.framework",
				"${BUILT_PRODUCTS_DIR}/Protobuf/Protobuf.framework",
				"${BUILT_PRODUCTS_DIR}/QRCodeReader.swift/QRCodeReader.framework",
				"${BUILT_PRODUCTS_DIR}/SwiftyJSON/SwiftyJSON.framework",
				"${BUILT_PRODUCTS_DIR}/gRPC-C++/grpcpp.framework",
				"${BUILT_PRODUCTS_DIR}/gRPC-Core/grpc.framework",
				"${BUILT_PRODUCTS_DIR}/leveldb-library/leveldb.framework",
				"${BUILT_PRODUCTS_DIR}/nanopb/nanopb.framework",
			);
			name = "[CP] Embed Pods Frameworks";
			outputFileListPaths = (
			);
			outputPaths = (
				"${TARGET_BUILD_DIR}/${FRAMEWORKS_FOLDER_PATH}/openssl_grpc.framework",
				"${TARGET_BUILD_DIR}/${FRAMEWORKS_FOLDER_PATH}/GTMSessionFetcher.framework",
				"${TARGET_BUILD_DIR}/${FRAMEWORKS_FOLDER_PATH}/GoogleToolboxForMac.framework",
				"${TARGET_BUILD_DIR}/${FRAMEWORKS_FOLDER_PATH}/GoogleUtilities.framework",
				"${TARGET_BUILD_DIR}/${FRAMEWORKS_FOLDER_PATH}/Protobuf.framework",
				"${TARGET_BUILD_DIR}/${FRAMEWORKS_FOLDER_PATH}/QRCodeReader.framework",
				"${TARGET_BUILD_DIR}/${FRAMEWORKS_FOLDER_PATH}/SwiftyJSON.framework",
				"${TARGET_BUILD_DIR}/${FRAMEWORKS_FOLDER_PATH}/grpcpp.framework",
				"${TARGET_BUILD_DIR}/${FRAMEWORKS_FOLDER_PATH}/grpc.framework",
				"${TARGET_BUILD_DIR}/${FRAMEWORKS_FOLDER_PATH}/leveldb.framework",
				"${TARGET_BUILD_DIR}/${FRAMEWORKS_FOLDER_PATH}/nanopb.framework",
			);
			runOnlyForDeploymentPostprocessing = 0;
			shellPath = /bin/sh;
			shellScript = "\"${PODS_ROOT}/Target Support Files/Pods-Duel Links but better/Pods-Duel Links but better-frameworks.sh\"\n";
			showEnvVarsInLog = 0;
		};
		7289F02800E0CD42E70C2393 /* [CP] Check Pods Manifest.lock */ = {
			isa = PBXShellScriptBuildPhase;
			buildActionMask = 2147483647;
			files = (
			);
			inputFileListPaths = (
			);
			inputPaths = (
				"${PODS_PODFILE_DIR_PATH}/Podfile.lock",
				"${PODS_ROOT}/Manifest.lock",
			);
			name = "[CP] Check Pods Manifest.lock";
			outputFileListPaths = (
			);
			outputPaths = (
				"$(DERIVED_FILE_DIR)/Pods-Duel Links but better-checkManifestLockResult.txt",
			);
			runOnlyForDeploymentPostprocessing = 0;
			shellPath = /bin/sh;
			shellScript = "diff \"${PODS_PODFILE_DIR_PATH}/Podfile.lock\" \"${PODS_ROOT}/Manifest.lock\" > /dev/null\nif [ $? != 0 ] ; then\n    # print error to STDERR\n    echo \"error: The sandbox is not in sync with the Podfile.lock. Run 'pod install' or update your CocoaPods installation.\" >&2\n    exit 1\nfi\n# This output is used by Xcode 'outputs' to avoid re-running this script phase.\necho \"SUCCESS\" > \"${SCRIPT_OUTPUT_FILE_0}\"\n";
			showEnvVarsInLog = 0;
		};
		F272850FAB10B2EA716DAB2B /* [CP] Copy Pods Resources */ = {
			isa = PBXShellScriptBuildPhase;
			buildActionMask = 2147483647;
			files = (
			);
			inputFileListPaths = (
			);
			inputPaths = (
				"${PODS_ROOT}/Target Support Files/Pods-Duel Links but better/Pods-Duel Links but better-resources.sh",
				"${PODS_CONFIGURATION_BUILD_DIR}/FirebaseUI/FirebaseAuthUI.bundle",
				"${PODS_CONFIGURATION_BUILD_DIR}/FirebaseUI/FirebaseGoogleAuthUI.bundle",
				"${PODS_ROOT}/GoogleSignIn/Resources/GoogleSignIn.bundle",
			);
			name = "[CP] Copy Pods Resources";
			outputFileListPaths = (
			);
			outputPaths = (
				"${TARGET_BUILD_DIR}/${UNLOCALIZED_RESOURCES_FOLDER_PATH}/FirebaseAuthUI.bundle",
				"${TARGET_BUILD_DIR}/${UNLOCALIZED_RESOURCES_FOLDER_PATH}/FirebaseGoogleAuthUI.bundle",
				"${TARGET_BUILD_DIR}/${UNLOCALIZED_RESOURCES_FOLDER_PATH}/GoogleSignIn.bundle",
			);
			runOnlyForDeploymentPostprocessing = 0;
			shellPath = /bin/sh;
			shellScript = "\"${PODS_ROOT}/Target Support Files/Pods-Duel Links but better/Pods-Duel Links but better-resources.sh\"\n";
			showEnvVarsInLog = 0;
		};
/* End PBXShellScriptBuildPhase section */

/* Begin PBXSourcesBuildPhase section */
		1838AF9D22049B9800E17463 /* Sources */ = {
			isa = PBXSourcesBuildPhase;
			buildActionMask = 2147483647;
			files = (
				18D9945222400B2700489191 /* GameViewController.swift in Sources */,
				1838AFA522049B9800E17463 /* AppDelegate.swift in Sources */,
				18D9945422400C7200489191 /* Game.swift in Sources */,
				183631BB226384AD002FD5FC /* MonsterViewController.swift in Sources */,
				18F98FF1225CFEDA00A15340 /* InitialViewController.swift in Sources */,
			);
			runOnlyForDeploymentPostprocessing = 0;
		};
/* End PBXSourcesBuildPhase section */

/* Begin PBXVariantGroup section */
		1838AFAE22049B9800E17463 /* Main.storyboard */ = {
			isa = PBXVariantGroup;
			children = (
				1838AFAF22049B9800E17463 /* Base */,
			);
			name = Main.storyboard;
			sourceTree = "<group>";
		};
		1838AFB322049B9B00E17463 /* LaunchScreen.storyboard */ = {
			isa = PBXVariantGroup;
			children = (
				1838AFB422049B9B00E17463 /* Base */,
			);
			name = LaunchScreen.storyboard;
			sourceTree = "<group>";
		};
/* End PBXVariantGroup section */

/* Begin XCBuildConfiguration section */
		1838AFCD22049B9C00E17463 /* Debug */ = {
			isa = XCBuildConfiguration;
			buildSettings = {
				ALWAYS_SEARCH_USER_PATHS = NO;
				CLANG_ANALYZER_NONNULL = YES;
				CLANG_ANALYZER_NUMBER_OBJECT_CONVERSION = YES_AGGRESSIVE;
				CLANG_CXX_LANGUAGE_STANDARD = "gnu++14";
				CLANG_CXX_LIBRARY = "libc++";
				CLANG_ENABLE_MODULES = YES;
				CLANG_ENABLE_OBJC_ARC = YES;
				CLANG_ENABLE_OBJC_WEAK = YES;
				CLANG_WARN_BLOCK_CAPTURE_AUTORELEASING = YES;
				CLANG_WARN_BOOL_CONVERSION = YES;
				CLANG_WARN_COMMA = YES;
				CLANG_WARN_CONSTANT_CONVERSION = YES;
				CLANG_WARN_DEPRECATED_OBJC_IMPLEMENTATIONS = YES;
				CLANG_WARN_DIRECT_OBJC_ISA_USAGE = YES_ERROR;
				CLANG_WARN_DOCUMENTATION_COMMENTS = YES;
				CLANG_WARN_EMPTY_BODY = YES;
				CLANG_WARN_ENUM_CONVERSION = YES;
				CLANG_WARN_INFINITE_RECURSION = YES;
				CLANG_WARN_INT_CONVERSION = YES;
				CLANG_WARN_NON_LITERAL_NULL_CONVERSION = YES;
				CLANG_WARN_OBJC_IMPLICIT_RETAIN_SELF = YES;
				CLANG_WARN_OBJC_LITERAL_CONVERSION = YES;
				CLANG_WARN_OBJC_ROOT_CLASS = YES_ERROR;
				CLANG_WARN_RANGE_LOOP_ANALYSIS = YES;
				CLANG_WARN_STRICT_PROTOTYPES = YES;
				CLANG_WARN_SUSPICIOUS_MOVE = YES;
				CLANG_WARN_UNGUARDED_AVAILABILITY = YES_AGGRESSIVE;
				CLANG_WARN_UNREACHABLE_CODE = YES;
				CLANG_WARN__DUPLICATE_METHOD_MATCH = YES;
				CODE_SIGN_IDENTITY = "iPhone Developer";
				COPY_PHASE_STRIP = NO;
				DEBUG_INFORMATION_FORMAT = dwarf;
				ENABLE_STRICT_OBJC_MSGSEND = YES;
				ENABLE_TESTABILITY = YES;
				GCC_C_LANGUAGE_STANDARD = gnu11;
				GCC_DYNAMIC_NO_PIC = NO;
				GCC_NO_COMMON_BLOCKS = YES;
				GCC_OPTIMIZATION_LEVEL = 0;
				GCC_PREPROCESSOR_DEFINITIONS = (
					"DEBUG=1",
					"$(inherited)",
				);
				GCC_WARN_64_TO_32_BIT_CONVERSION = YES;
				GCC_WARN_ABOUT_RETURN_TYPE = YES_ERROR;
				GCC_WARN_UNDECLARED_SELECTOR = YES;
				GCC_WARN_UNINITIALIZED_AUTOS = YES_AGGRESSIVE;
				GCC_WARN_UNUSED_FUNCTION = YES;
				GCC_WARN_UNUSED_VARIABLE = YES;
				IPHONEOS_DEPLOYMENT_TARGET = 12.1;
				MTL_ENABLE_DEBUG_INFO = INCLUDE_SOURCE;
				MTL_FAST_MATH = YES;
				ONLY_ACTIVE_ARCH = YES;
				SDKROOT = iphoneos;
				SWIFT_ACTIVE_COMPILATION_CONDITIONS = DEBUG;
				SWIFT_OPTIMIZATION_LEVEL = "-Onone";
			};
			name = Debug;
		};
		1838AFCE22049B9C00E17463 /* Release */ = {
			isa = XCBuildConfiguration;
			buildSettings = {
				ALWAYS_SEARCH_USER_PATHS = NO;
				CLANG_ANALYZER_NONNULL = YES;
				CLANG_ANALYZER_NUMBER_OBJECT_CONVERSION = YES_AGGRESSIVE;
				CLANG_CXX_LANGUAGE_STANDARD = "gnu++14";
				CLANG_CXX_LIBRARY = "libc++";
				CLANG_ENABLE_MODULES = YES;
				CLANG_ENABLE_OBJC_ARC = YES;
				CLANG_ENABLE_OBJC_WEAK = YES;
				CLANG_WARN_BLOCK_CAPTURE_AUTORELEASING = YES;
				CLANG_WARN_BOOL_CONVERSION = YES;
				CLANG_WARN_COMMA = YES;
				CLANG_WARN_CONSTANT_CONVERSION = YES;
				CLANG_WARN_DEPRECATED_OBJC_IMPLEMENTATIONS = YES;
				CLANG_WARN_DIRECT_OBJC_ISA_USAGE = YES_ERROR;
				CLANG_WARN_DOCUMENTATION_COMMENTS = YES;
				CLANG_WARN_EMPTY_BODY = YES;
				CLANG_WARN_ENUM_CONVERSION = YES;
				CLANG_WARN_INFINITE_RECURSION = YES;
				CLANG_WARN_INT_CONVERSION = YES;
				CLANG_WARN_NON_LITERAL_NULL_CONVERSION = YES;
				CLANG_WARN_OBJC_IMPLICIT_RETAIN_SELF = YES;
				CLANG_WARN_OBJC_LITERAL_CONVERSION = YES;
				CLANG_WARN_OBJC_ROOT_CLASS = YES_ERROR;
				CLANG_WARN_RANGE_LOOP_ANALYSIS = YES;
				CLANG_WARN_STRICT_PROTOTYPES = YES;
				CLANG_WARN_SUSPICIOUS_MOVE = YES;
				CLANG_WARN_UNGUARDED_AVAILABILITY = YES_AGGRESSIVE;
				CLANG_WARN_UNREACHABLE_CODE = YES;
				CLANG_WARN__DUPLICATE_METHOD_MATCH = YES;
				CODE_SIGN_IDENTITY = "iPhone Developer";
				COPY_PHASE_STRIP = NO;
				DEBUG_INFORMATION_FORMAT = "dwarf-with-dsym";
				ENABLE_NS_ASSERTIONS = NO;
				ENABLE_STRICT_OBJC_MSGSEND = YES;
				GCC_C_LANGUAGE_STANDARD = gnu11;
				GCC_NO_COMMON_BLOCKS = YES;
				GCC_WARN_64_TO_32_BIT_CONVERSION = YES;
				GCC_WARN_ABOUT_RETURN_TYPE = YES_ERROR;
				GCC_WARN_UNDECLARED_SELECTOR = YES;
				GCC_WARN_UNINITIALIZED_AUTOS = YES_AGGRESSIVE;
				GCC_WARN_UNUSED_FUNCTION = YES;
				GCC_WARN_UNUSED_VARIABLE = YES;
				IPHONEOS_DEPLOYMENT_TARGET = 12.1;
				MTL_ENABLE_DEBUG_INFO = NO;
				MTL_FAST_MATH = YES;
				SDKROOT = iphoneos;
				SWIFT_COMPILATION_MODE = wholemodule;
				SWIFT_OPTIMIZATION_LEVEL = "-O";
				VALIDATE_PRODUCT = YES;
			};
			name = Release;
		};
		1838AFD022049B9C00E17463 /* Debug */ = {
			isa = XCBuildConfiguration;
			baseConfigurationReference = C0D06030874692CDF299CA86 /* Pods-Duel Links but better.debug.xcconfig */;
			buildSettings = {
				ASSETCATALOG_COMPILER_APPICON_NAME = AppIcon;
				CODE_SIGN_IDENTITY = "iPhone Developer";
				CODE_SIGN_STYLE = Automatic;
				DEVELOPMENT_TEAM = 2UN33HJH8H;
				INFOPLIST_FILE = "Duel Links but better/Info.plist";
				LD_RUNPATH_SEARCH_PATHS = (
					"$(inherited)",
					"@executable_path/Frameworks",
				);
				PRODUCT_BUNDLE_IDENTIFIER = "com.kaiba-corp.duellinks";
				PRODUCT_NAME = "$(TARGET_NAME)";
				PROVISIONING_PROFILE_SPECIFIER = "";
				SWIFT_VERSION = 5.0;
				TARGETED_DEVICE_FAMILY = "1,2";
			};
			name = Debug;
		};
		1838AFD122049B9C00E17463 /* Release */ = {
			isa = XCBuildConfiguration;
			baseConfigurationReference = 9E24BDA85698F757F6A2FEFB /* Pods-Duel Links but better.release.xcconfig */;
			buildSettings = {
				ASSETCATALOG_COMPILER_APPICON_NAME = AppIcon;
				CODE_SIGN_IDENTITY = "iPhone Developer";
				CODE_SIGN_STYLE = Automatic;
				DEVELOPMENT_TEAM = 2UN33HJH8H;
				INFOPLIST_FILE = "Duel Links but better/Info.plist";
				LD_RUNPATH_SEARCH_PATHS = (
					"$(inherited)",
					"@executable_path/Frameworks",
				);
				PRODUCT_BUNDLE_IDENTIFIER = "com.kaiba-corp.duellinks";
				PRODUCT_NAME = "$(TARGET_NAME)";
				PROVISIONING_PROFILE_SPECIFIER = "";
				SWIFT_VERSION = 5.0;
				TARGETED_DEVICE_FAMILY = "1,2";
			};
			name = Release;
		};
/* End XCBuildConfiguration section */

/* Begin XCConfigurationList section */
		1838AF9C22049B9800E17463 /* Build configuration list for PBXProject "Duel Links but better" */ = {
			isa = XCConfigurationList;
			buildConfigurations = (
				1838AFCD22049B9C00E17463 /* Debug */,
				1838AFCE22049B9C00E17463 /* Release */,
			);
			defaultConfigurationIsVisible = 0;
			defaultConfigurationName = Release;
		};
		1838AFCF22049B9C00E17463 /* Build configuration list for PBXNativeTarget "Duel Links but better" */ = {
			isa = XCConfigurationList;
			buildConfigurations = (
				1838AFD022049B9C00E17463 /* Debug */,
				1838AFD122049B9C00E17463 /* Release */,
			);
			defaultConfigurationIsVisible = 0;
			defaultConfigurationName = Release;
		};
/* End XCConfigurationList section */
	};
	rootObject = 1838AF9922049B9800E17463 /* Project object */;
}
